// !$*UTF8*$!
{
	archiveVersion = 1;
	classes = {
	};
	objectVersion = 46;
	objects = {

/* Begin PBXBuildFile section */
		32EBBFC41DB0E2C2006C13AE /* YXEnterViewController.m in Sources */ = {isa = PBXBuildFile; fileRef = 32EBBFC11DB0E2C2006C13AE /* YXEnterViewController.m */; };
		32EBBFC51DB0E2C2006C13AE /* YXLiveViewController.m in Sources */ = {isa = PBXBuildFile; fileRef = 32EBBFC31DB0E2C2006C13AE /* YXLiveViewController.m */; };
		32EBC0111DB0E2D7006C13AE /* NSString+YXExtension.m in Sources */ = {isa = PBXBuildFile; fileRef = 32EBBFC91DB0E2D6006C13AE /* NSString+YXExtension.m */; };
		32EBC0121DB0E2D7006C13AE /* UIColor+YXExtension.m in Sources */ = {isa = PBXBuildFile; fileRef = 32EBBFCB1DB0E2D6006C13AE /* UIColor+YXExtension.m */; };
		32EBC0131DB0E2D7006C13AE /* UIImage+YXExtension.m in Sources */ = {isa = PBXBuildFile; fileRef = 32EBBFCD1DB0E2D6006C13AE /* UIImage+YXExtension.m */; };
		32EBC0141DB0E2D7006C13AE /* UIScrollView+YXExtension.m in Sources */ = {isa = PBXBuildFile; fileRef = 32EBBFCF1DB0E2D6006C13AE /* UIScrollView+YXExtension.m */; };
		32EBC0151DB0E2D7006C13AE /* YXNetWorking.m in Sources */ = {isa = PBXBuildFile; fileRef = 32EBBFD21DB0E2D6006C13AE /* YXNetWorking.m */; };
		32EBC0161DB0E2D7006C13AE /* YXLiveDetailViewController.m in Sources */ = {isa = PBXBuildFile; fileRef = 32EBBFD71DB0E2D7006C13AE /* YXLiveDetailViewController.m */; };
		32EBC0171DB0E2D7006C13AE /* YXCommentModel.m in Sources */ = {isa = PBXBuildFile; fileRef = 32EBBFDA1DB0E2D7006C13AE /* YXCommentModel.m */; };
		32EBC0181DB0E2D7006C13AE /* YXLiveStream.m in Sources */ = {isa = PBXBuildFile; fileRef = 32EBBFDC1DB0E2D7006C13AE /* YXLiveStream.m */; };
		32EBC0191DB0E2D7006C13AE /* YXModule.m in Sources */ = {isa = PBXBuildFile; fileRef = 32EBBFDE1DB0E2D7006C13AE /* YXModule.m */; };
		32EBC01A1DB0E2D7006C13AE /* YXBottomInputView.m in Sources */ = {isa = PBXBuildFile; fileRef = 32EBBFE11DB0E2D7006C13AE /* YXBottomInputView.m */; };
		32EBC01B1DB0E2D7006C13AE /* YXCalculateTimeLabel.m in Sources */ = {isa = PBXBuildFile; fileRef = 32EBBFE31DB0E2D7006C13AE /* YXCalculateTimeLabel.m */; };
		32EBC01C1DB0E2D7006C13AE /* YXCommentTableCell.m in Sources */ = {isa = PBXBuildFile; fileRef = 32EBBFE51DB0E2D7006C13AE /* YXCommentTableCell.m */; };
		32EBC01D1DB0E2D7006C13AE /* YXCommentTableView.m in Sources */ = {isa = PBXBuildFile; fileRef = 32EBBFE71DB0E2D7006C13AE /* YXCommentTableView.m */; };
		32EBC01E1DB0E2D7006C13AE /* YXCommentView.m in Sources */ = {isa = PBXBuildFile; fileRef = 32EBBFE91DB0E2D7006C13AE /* YXCommentView.m */; };
		32EBC01F1DB0E2D7006C13AE /* YXCopyLabel.m in Sources */ = {isa = PBXBuildFile; fileRef = 32EBBFEB1DB0E2D7006C13AE /* YXCopyLabel.m */; };
		32EBC0201DB0E2D7006C13AE /* YXPlayView.m in Sources */ = {isa = PBXBuildFile; fileRef = 32EBBFED1DB0E2D7006C13AE /* YXPlayView.m */; };
		32EBC0211DB0E2D7006C13AE /* YXTitleBar.m in Sources */ = {isa = PBXBuildFile; fileRef = 32EBBFEF1DB0E2D7006C13AE /* YXTitleBar.m */; };
		32EBC0221DB0E2D7006C13AE /* YXWebView.m in Sources */ = {isa = PBXBuildFile; fileRef = 32EBBFF11DB0E2D7006C13AE /* YXWebView.m */; };
		32EBC0231DB0E2D7006C13AE /* YXLiveListViewController.m in Sources */ = {isa = PBXBuildFile; fileRef = 32EBBFF51DB0E2D7006C13AE /* YXLiveListViewController.m */; };
		32EBC0241DB0E2D7006C13AE /* YXLiveModel.m in Sources */ = {isa = PBXBuildFile; fileRef = 32EBBFF81DB0E2D7006C13AE /* YXLiveModel.m */; };
		32EBC0251DB0E2D7006C13AE /* YXCollectionLayout.m in Sources */ = {isa = PBXBuildFile; fileRef = 32EBBFFB1DB0E2D7006C13AE /* YXCollectionLayout.m */; };
		32EBC0261DB0E2D7006C13AE /* YXLiveCollectionCell.m in Sources */ = {isa = PBXBuildFile; fileRef = 32EBBFFD1DB0E2D7006C13AE /* YXLiveCollectionCell.m */; };
		32EBC0271DB0E2D7006C13AE /* YXLiveListCollectionView.m in Sources */ = {isa = PBXBuildFile; fileRef = 32EBBFFF1DB0E2D7006C13AE /* YXLiveListCollectionView.m */; };
		32EBC0281DB0E2D7006C13AE /* YXNavigationController.m in Sources */ = {isa = PBXBuildFile; fileRef = 32EBC0011DB0E2D7006C13AE /* YXNavigationController.m */; };
		32EBC0291DB0E2D7006C13AE /* activity_default_img@3x.png in Resources */ = {isa = PBXBuildFile; fileRef = 32EBC0041DB0E2D7006C13AE /* activity_default_img@3x.png */; };
		32EBC02A1DB0E2D7006C13AE /* defaultHead.png in Resources */ = {isa = PBXBuildFile; fileRef = 32EBC0051DB0E2D7006C13AE /* defaultHead.png */; };
		32EBC02B1DB0E2D7006C13AE /* detail_fullscreen_btn_normal@2x.png in Resources */ = {isa = PBXBuildFile; fileRef = 32EBC0061DB0E2D7006C13AE /* detail_fullscreen_btn_normal@2x.png */; };
		32EBC02C1DB0E2D7006C13AE /* detail_fullscreen_btn_normal@3x.png in Resources */ = {isa = PBXBuildFile; fileRef = 32EBC0071DB0E2D7006C13AE /* detail_fullscreen_btn_normal@3x.png */; };
		32EBC02D1DB0E2D7006C13AE /* detail_pause_icon@3x.png in Resources */ = {isa = PBXBuildFile; fileRef = 32EBC0081DB0E2D7006C13AE /* detail_pause_icon@3x.png */; };
		32EBC02E1DB0E2D7006C13AE /* detail_play_icon@3x.png in Resources */ = {isa = PBXBuildFile; fileRef = 32EBC0091DB0E2D7006C13AE /* detail_play_icon@3x.png */; };
		32EBC02F1DB0E2D7006C13AE /* favorite_favorite_icon@2x.png in Resources */ = {isa = PBXBuildFile; fileRef = 32EBC00A1DB0E2D7006C13AE /* favorite_favorite_icon@2x.png */; };
		32EBC0301DB0E2D7006C13AE /* favorite_favorite_icon@3x.png in Resources */ = {isa = PBXBuildFile; fileRef = 32EBC00B1DB0E2D7006C13AE /* favorite_favorite_icon@3x.png */; };
		32EBC0311DB0E2D7006C13AE /* live_gift_btn_highlighted@2x.png in Resources */ = {isa = PBXBuildFile; fileRef = 32EBC00C1DB0E2D7006C13AE /* live_gift_btn_highlighted@2x.png */; };
		32EBC0321DB0E2D7006C13AE /* live_gift_btn_highlighted@3x.png in Resources */ = {isa = PBXBuildFile; fileRef = 32EBC00D1DB0E2D7006C13AE /* live_gift_btn_highlighted@3x.png */; };
		32EBC0331DB0E2D7006C13AE /* live_gift_btn_normal@2x.png in Resources */ = {isa = PBXBuildFile; fileRef = 32EBC00E1DB0E2D7006C13AE /* live_gift_btn_normal@2x.png */; };
		32EBC0341DB0E2D7006C13AE /* live_gift_btn_normal@3x.png in Resources */ = {isa = PBXBuildFile; fileRef = 32EBC00F1DB0E2D7006C13AE /* live_gift_btn_normal@3x.png */; };
		32EBC03A1DB0EE3E006C13AE /* NSTimer+YXExtension.m in Sources */ = {isa = PBXBuildFile; fileRef = 32EBC0391DB0EE3E006C13AE /* NSTimer+YXExtension.m */; };
		32F3B99D1D71324E0096F0CA /* main.m in Sources */ = {isa = PBXBuildFile; fileRef = 32F3B99C1D71324E0096F0CA /* main.m */; };
		32F3B9A81D71324E0096F0CA /* Assets.xcassets in Resources */ = {isa = PBXBuildFile; fileRef = 32F3B9A71D71324E0096F0CA /* Assets.xcassets */; };
		32F3B9AB1D71324E0096F0CA /* LaunchScreen.storyboard in Resources */ = {isa = PBXBuildFile; fileRef = 32F3B9A91D71324E0096F0CA /* LaunchScreen.storyboard */; };
		32F3B9B61D71324F0096F0CA /* YXPlayerDemoTests.m in Sources */ = {isa = PBXBuildFile; fileRef = 32F3B9B51D71324F0096F0CA /* YXPlayerDemoTests.m */; };
		32F3B9C11D71324F0096F0CA /* YXPlayerDemoUITests.m in Sources */ = {isa = PBXBuildFile; fileRef = 32F3B9C01D71324F0096F0CA /* YXPlayerDemoUITests.m */; };
		32F3B9E21D7132990096F0CA /* detail_pause_icon@3x.png in Resources */ = {isa = PBXBuildFile; fileRef = 32F3B9E01D7132990096F0CA /* detail_pause_icon@3x.png */; };
		32F3B9E31D7132990096F0CA /* detail_play_icon@3x.png in Resources */ = {isa = PBXBuildFile; fileRef = 32F3B9E11D7132990096F0CA /* detail_play_icon@3x.png */; };
		32F3B9FD1D7134000096F0CA /* AppDelegate.m in Sources */ = {isa = PBXBuildFile; fileRef = 32F3B9FC1D7134000096F0CA /* AppDelegate.m */; };
		573BBB11F4540AFB4DE8EE0F /* Pods_YXPlayerDemo.framework in Frameworks */ = {isa = PBXBuildFile; fileRef = 189B1C5AB933450C6346E328 /* Pods_YXPlayerDemo.framework */; };
/* End PBXBuildFile section */

/* Begin PBXContainerItemProxy section */
		32F3B9B21D71324F0096F0CA /* PBXContainerItemProxy */ = {
			isa = PBXContainerItemProxy;
			containerPortal = 32F3B9901D71324E0096F0CA /* Project object */;
			proxyType = 1;
			remoteGlobalIDString = 32F3B9971D71324E0096F0CA;
			remoteInfo = YXPlayerDemo;
		};
		32F3B9BD1D71324F0096F0CA /* PBXContainerItemProxy */ = {
			isa = PBXContainerItemProxy;
			containerPortal = 32F3B9901D71324E0096F0CA /* Project object */;
			proxyType = 1;
			remoteGlobalIDString = 32F3B9971D71324E0096F0CA;
			remoteInfo = YXPlayerDemo;
		};
/* End PBXContainerItemProxy section */

/* Begin PBXFileReference section */
		189B1C5AB933450C6346E328 /* Pods_YXPlayerDemo.framework */ = {isa = PBXFileReference; explicitFileType = wrapper.framework; includeInIndex = 0; path = Pods_YXPlayerDemo.framework; sourceTree = BUILT_PRODUCTS_DIR; };
		32034A991D7425F9001C9AA4 /* PrefixHeader.pch */ = {isa = PBXFileReference; fileEncoding = 4; lastKnownFileType = sourcecode.c.h; path = PrefixHeader.pch; sourceTree = "<group>"; };
		32EBBFC01DB0E2C2006C13AE /* YXEnterViewController.h */ = {isa = PBXFileReference; fileEncoding = 4; lastKnownFileType = sourcecode.c.h; path = YXEnterViewController.h; sourceTree = "<group>"; };
		32EBBFC11DB0E2C2006C13AE /* YXEnterViewController.m */ = {isa = PBXFileReference; fileEncoding = 4; lastKnownFileType = sourcecode.c.objc; path = YXEnterViewController.m; sourceTree = "<group>"; };
		32EBBFC21DB0E2C2006C13AE /* YXLiveViewController.h */ = {isa = PBXFileReference; fileEncoding = 4; lastKnownFileType = sourcecode.c.h; path = YXLiveViewController.h; sourceTree = "<group>"; };
		32EBBFC31DB0E2C2006C13AE /* YXLiveViewController.m */ = {isa = PBXFileReference; fileEncoding = 4; lastKnownFileType = sourcecode.c.objc; path = YXLiveViewController.m; sourceTree = "<group>"; };
		32EBBFC81DB0E2D6006C13AE /* NSString+YXExtension.h */ = {isa = PBXFileReference; fileEncoding = 4; lastKnownFileType = sourcecode.c.h; path = "NSString+YXExtension.h"; sourceTree = "<group>"; };
		32EBBFC91DB0E2D6006C13AE /* NSString+YXExtension.m */ = {isa = PBXFileReference; fileEncoding = 4; lastKnownFileType = sourcecode.c.objc; path = "NSString+YXExtension.m"; sourceTree = "<group>"; };
		32EBBFCA1DB0E2D6006C13AE /* UIColor+YXExtension.h */ = {isa = PBXFileReference; fileEncoding = 4; lastKnownFileType = sourcecode.c.h; path = "UIColor+YXExtension.h"; sourceTree = "<group>"; };
		32EBBFCB1DB0E2D6006C13AE /* UIColor+YXExtension.m */ = {isa = PBXFileReference; fileEncoding = 4; lastKnownFileType = sourcecode.c.objc; path = "UIColor+YXExtension.m"; sourceTree = "<group>"; };
		32EBBFCC1DB0E2D6006C13AE /* UIImage+YXExtension.h */ = {isa = PBXFileReference; fileEncoding = 4; lastKnownFileType = sourcecode.c.h; path = "UIImage+YXExtension.h"; sourceTree = "<group>"; };
		32EBBFCD1DB0E2D6006C13AE /* UIImage+YXExtension.m */ = {isa = PBXFileReference; fileEncoding = 4; lastKnownFileType = sourcecode.c.objc; path = "UIImage+YXExtension.m"; sourceTree = "<group>"; };
		32EBBFCE1DB0E2D6006C13AE /* UIScrollView+YXExtension.h */ = {isa = PBXFileReference; fileEncoding = 4; lastKnownFileType = sourcecode.c.h; path = "UIScrollView+YXExtension.h"; sourceTree = "<group>"; };
		32EBBFCF1DB0E2D6006C13AE /* UIScrollView+YXExtension.m */ = {isa = PBXFileReference; fileEncoding = 4; lastKnownFileType = sourcecode.c.objc; path = "UIScrollView+YXExtension.m"; sourceTree = "<group>"; };
		32EBBFD11DB0E2D6006C13AE /* YXNetWorking.h */ = {isa = PBXFileReference; fileEncoding = 4; lastKnownFileType = sourcecode.c.h; path = YXNetWorking.h; sourceTree = "<group>"; };
		32EBBFD21DB0E2D6006C13AE /* YXNetWorking.m */ = {isa = PBXFileReference; fileEncoding = 4; lastKnownFileType = sourcecode.c.objc; path = YXNetWorking.m; sourceTree = "<group>"; };
		32EBBFD61DB0E2D6006C13AE /* YXLiveDetailViewController.h */ = {isa = PBXFileReference; fileEncoding = 4; lastKnownFileType = sourcecode.c.h; path = YXLiveDetailViewController.h; sourceTree = "<group>"; };
		32EBBFD71DB0E2D7006C13AE /* YXLiveDetailViewController.m */ = {isa = PBXFileReference; fileEncoding = 4; lastKnownFileType = sourcecode.c.objc; path = YXLiveDetailViewController.m; sourceTree = "<group>"; };
		32EBBFD91DB0E2D7006C13AE /* YXCommentModel.h */ = {isa = PBXFileReference; fileEncoding = 4; lastKnownFileType = sourcecode.c.h; path = YXCommentModel.h; sourceTree = "<group>"; };
		32EBBFDA1DB0E2D7006C13AE /* YXCommentModel.m */ = {isa = PBXFileReference; fileEncoding = 4; lastKnownFileType = sourcecode.c.objc; path = YXCommentModel.m; sourceTree = "<group>"; };
		32EBBFDB1DB0E2D7006C13AE /* YXLiveStream.h */ = {isa = PBXFileReference; fileEncoding = 4; lastKnownFileType = sourcecode.c.h; path = YXLiveStream.h; sourceTree = "<group>"; };
		32EBBFDC1DB0E2D7006C13AE /* YXLiveStream.m */ = {isa = PBXFileReference; fileEncoding = 4; lastKnownFileType = sourcecode.c.objc; path = YXLiveStream.m; sourceTree = "<group>"; };
		32EBBFDD1DB0E2D7006C13AE /* YXModule.h */ = {isa = PBXFileReference; fileEncoding = 4; lastKnownFileType = sourcecode.c.h; path = YXModule.h; sourceTree = "<group>"; };
		32EBBFDE1DB0E2D7006C13AE /* YXModule.m */ = {isa = PBXFileReference; fileEncoding = 4; lastKnownFileType = sourcecode.c.objc; path = YXModule.m; sourceTree = "<group>"; };
		32EBBFE01DB0E2D7006C13AE /* YXBottomInputView.h */ = {isa = PBXFileReference; fileEncoding = 4; lastKnownFileType = sourcecode.c.h; path = YXBottomInputView.h; sourceTree = "<group>"; };
		32EBBFE11DB0E2D7006C13AE /* YXBottomInputView.m */ = {isa = PBXFileReference; fileEncoding = 4; lastKnownFileType = sourcecode.c.objc; path = YXBottomInputView.m; sourceTree = "<group>"; };
		32EBBFE21DB0E2D7006C13AE /* YXCalculateTimeLabel.h */ = {isa = PBXFileReference; fileEncoding = 4; lastKnownFileType = sourcecode.c.h; path = YXCalculateTimeLabel.h; sourceTree = "<group>"; };
		32EBBFE31DB0E2D7006C13AE /* YXCalculateTimeLabel.m */ = {isa = PBXFileReference; fileEncoding = 4; lastKnownFileType = sourcecode.c.objc; path = YXCalculateTimeLabel.m; sourceTree = "<group>"; };
		32EBBFE41DB0E2D7006C13AE /* YXCommentTableCell.h */ = {isa = PBXFileReference; fileEncoding = 4; lastKnownFileType = sourcecode.c.h; path = YXCommentTableCell.h; sourceTree = "<group>"; };
		32EBBFE51DB0E2D7006C13AE /* YXCommentTableCell.m */ = {isa = PBXFileReference; fileEncoding = 4; lastKnownFileType = sourcecode.c.objc; path = YXCommentTableCell.m; sourceTree = "<group>"; };
		32EBBFE61DB0E2D7006C13AE /* YXCommentTableView.h */ = {isa = PBXFileReference; fileEncoding = 4; lastKnownFileType = sourcecode.c.h; path = YXCommentTableView.h; sourceTree = "<group>"; };
		32EBBFE71DB0E2D7006C13AE /* YXCommentTableView.m */ = {isa = PBXFileReference; fileEncoding = 4; lastKnownFileType = sourcecode.c.objc; path = YXCommentTableView.m; sourceTree = "<group>"; };
		32EBBFE81DB0E2D7006C13AE /* YXCommentView.h */ = {isa = PBXFileReference; fileEncoding = 4; lastKnownFileType = sourcecode.c.h; path = YXCommentView.h; sourceTree = "<group>"; };
		32EBBFE91DB0E2D7006C13AE /* YXCommentView.m */ = {isa = PBXFileReference; fileEncoding = 4; lastKnownFileType = sourcecode.c.objc; path = YXCommentView.m; sourceTree = "<group>"; };
		32EBBFEA1DB0E2D7006C13AE /* YXCopyLabel.h */ = {isa = PBXFileReference; fileEncoding = 4; lastKnownFileType = sourcecode.c.h; path = YXCopyLabel.h; sourceTree = "<group>"; };
		32EBBFEB1DB0E2D7006C13AE /* YXCopyLabel.m */ = {isa = PBXFileReference; fileEncoding = 4; lastKnownFileType = sourcecode.c.objc; path = YXCopyLabel.m; sourceTree = "<group>"; };
		32EBBFEC1DB0E2D7006C13AE /* YXPlayView.h */ = {isa = PBXFileReference; fileEncoding = 4; lastKnownFileType = sourcecode.c.h; path = YXPlayView.h; sourceTree = "<group>"; };
		32EBBFED1DB0E2D7006C13AE /* YXPlayView.m */ = {isa = PBXFileReference; fileEncoding = 4; lastKnownFileType = sourcecode.c.objc; path = YXPlayView.m; sourceTree = "<group>"; };
		32EBBFEE1DB0E2D7006C13AE /* YXTitleBar.h */ = {isa = PBXFileReference; fileEncoding = 4; lastKnownFileType = sourcecode.c.h; path = YXTitleBar.h; sourceTree = "<group>"; };
		32EBBFEF1DB0E2D7006C13AE /* YXTitleBar.m */ = {isa = PBXFileReference; fileEncoding = 4; lastKnownFileType = sourcecode.c.objc; path = YXTitleBar.m; sourceTree = "<group>"; };
		32EBBFF01DB0E2D7006C13AE /* YXWebView.h */ = {isa = PBXFileReference; fileEncoding = 4; lastKnownFileType = sourcecode.c.h; path = YXWebView.h; sourceTree = "<group>"; };
		32EBBFF11DB0E2D7006C13AE /* YXWebView.m */ = {isa = PBXFileReference; fileEncoding = 4; lastKnownFileType = sourcecode.c.objc; path = YXWebView.m; sourceTree = "<group>"; };
		32EBBFF41DB0E2D7006C13AE /* YXLiveListViewController.h */ = {isa = PBXFileReference; fileEncoding = 4; lastKnownFileType = sourcecode.c.h; path = YXLiveListViewController.h; sourceTree = "<group>"; };
		32EBBFF51DB0E2D7006C13AE /* YXLiveListViewController.m */ = {isa = PBXFileReference; fileEncoding = 4; lastKnownFileType = sourcecode.c.objc; path = YXLiveListViewController.m; sourceTree = "<group>"; };
		32EBBFF71DB0E2D7006C13AE /* YXLiveModel.h */ = {isa = PBXFileReference; fileEncoding = 4; lastKnownFileType = sourcecode.c.h; path = YXLiveModel.h; sourceTree = "<group>"; };
		32EBBFF81DB0E2D7006C13AE /* YXLiveModel.m */ = {isa = PBXFileReference; fileEncoding = 4; lastKnownFileType = sourcecode.c.objc; path = YXLiveModel.m; sourceTree = "<group>"; };
		32EBBFFA1DB0E2D7006C13AE /* YXCollectionLayout.h */ = {isa = PBXFileReference; fileEncoding = 4; lastKnownFileType = sourcecode.c.h; path = YXCollectionLayout.h; sourceTree = "<group>"; };
		32EBBFFB1DB0E2D7006C13AE /* YXCollectionLayout.m */ = {isa = PBXFileReference; fileEncoding = 4; lastKnownFileType = sourcecode.c.objc; path = YXCollectionLayout.m; sourceTree = "<group>"; };
		32EBBFFC1DB0E2D7006C13AE /* YXLiveCollectionCell.h */ = {isa = PBXFileReference; fileEncoding = 4; lastKnownFileType = sourcecode.c.h; path = YXLiveCollectionCell.h; sourceTree = "<group>"; };
		32EBBFFD1DB0E2D7006C13AE /* YXLiveCollectionCell.m */ = {isa = PBXFileReference; fileEncoding = 4; lastKnownFileType = sourcecode.c.objc; path = YXLiveCollectionCell.m; sourceTree = "<group>"; };
		32EBBFFE1DB0E2D7006C13AE /* YXLiveListCollectionView.h */ = {isa = PBXFileReference; fileEncoding = 4; lastKnownFileType = sourcecode.c.h; path = YXLiveListCollectionView.h; sourceTree = "<group>"; };
		32EBBFFF1DB0E2D7006C13AE /* YXLiveListCollectionView.m */ = {isa = PBXFileReference; fileEncoding = 4; lastKnownFileType = sourcecode.c.objc; path = YXLiveListCollectionView.m; sourceTree = "<group>"; };
		32EBC0001DB0E2D7006C13AE /* YXNavigationController.h */ = {isa = PBXFileReference; fileEncoding = 4; lastKnownFileType = sourcecode.c.h; path = YXNavigationController.h; sourceTree = "<group>"; };
		32EBC0011DB0E2D7006C13AE /* YXNavigationController.m */ = {isa = PBXFileReference; fileEncoding = 4; lastKnownFileType = sourcecode.c.objc; path = YXNavigationController.m; sourceTree = "<group>"; };
		32EBC0041DB0E2D7006C13AE /* activity_default_img@3x.png */ = {isa = PBXFileReference; lastKnownFileType = image.png; path = "activity_default_img@3x.png"; sourceTree = "<group>"; };
		32EBC0051DB0E2D7006C13AE /* defaultHead.png */ = {isa = PBXFileReference; lastKnownFileType = image.png; path = defaultHead.png; sourceTree = "<group>"; };
		32EBC0061DB0E2D7006C13AE /* detail_fullscreen_btn_normal@2x.png */ = {isa = PBXFileReference; lastKnownFileType = image.png; path = "detail_fullscreen_btn_normal@2x.png"; sourceTree = "<group>"; };
		32EBC0071DB0E2D7006C13AE /* detail_fullscreen_btn_normal@3x.png */ = {isa = PBXFileReference; lastKnownFileType = image.png; path = "detail_fullscreen_btn_normal@3x.png"; sourceTree = "<group>"; };
		32EBC0081DB0E2D7006C13AE /* detail_pause_icon@3x.png */ = {isa = PBXFileReference; lastKnownFileType = image.png; path = "detail_pause_icon@3x.png"; sourceTree = "<group>"; };
		32EBC0091DB0E2D7006C13AE /* detail_play_icon@3x.png */ = {isa = PBXFileReference; lastKnownFileType = image.png; path = "detail_play_icon@3x.png"; sourceTree = "<group>"; };
		32EBC00A1DB0E2D7006C13AE /* favorite_favorite_icon@2x.png */ = {isa = PBXFileReference; lastKnownFileType = image.png; path = "favorite_favorite_icon@2x.png"; sourceTree = "<group>"; };
		32EBC00B1DB0E2D7006C13AE /* favorite_favorite_icon@3x.png */ = {isa = PBXFileReference; lastKnownFileType = image.png; path = "favorite_favorite_icon@3x.png"; sourceTree = "<group>"; };
		32EBC00C1DB0E2D7006C13AE /* live_gift_btn_highlighted@2x.png */ = {isa = PBXFileReference; lastKnownFileType = image.png; path = "live_gift_btn_highlighted@2x.png"; sourceTree = "<group>"; };
		32EBC00D1DB0E2D7006C13AE /* live_gift_btn_highlighted@3x.png */ = {isa = PBXFileReference; lastKnownFileType = image.png; path = "live_gift_btn_highlighted@3x.png"; sourceTree = "<group>"; };
		32EBC00E1DB0E2D7006C13AE /* live_gift_btn_normal@2x.png */ = {isa = PBXFileReference; lastKnownFileType = image.png; path = "live_gift_btn_normal@2x.png"; sourceTree = "<group>"; };
		32EBC00F1DB0E2D7006C13AE /* live_gift_btn_normal@3x.png */ = {isa = PBXFileReference; lastKnownFileType = image.png; path = "live_gift_btn_normal@3x.png"; sourceTree = "<group>"; };
		32EBC0101DB0E2D7006C13AE /* YXGlobalDefine.h */ = {isa = PBXFileReference; fileEncoding = 4; lastKnownFileType = sourcecode.c.h; path = YXGlobalDefine.h; sourceTree = "<group>"; };
		32EBC0381DB0EE3E006C13AE /* NSTimer+YXExtension.h */ = {isa = PBXFileReference; fileEncoding = 4; lastKnownFileType = sourcecode.c.h; path = "NSTimer+YXExtension.h"; sourceTree = "<group>"; };
		32EBC0391DB0EE3E006C13AE /* NSTimer+YXExtension.m */ = {isa = PBXFileReference; fileEncoding = 4; lastKnownFileType = sourcecode.c.objc; path = "NSTimer+YXExtension.m"; sourceTree = "<group>"; };
		32F3B9981D71324E0096F0CA /* YXPlayerDemo.app */ = {isa = PBXFileReference; explicitFileType = wrapper.application; includeInIndex = 0; path = YXPlayerDemo.app; sourceTree = BUILT_PRODUCTS_DIR; };
		32F3B99C1D71324E0096F0CA /* main.m */ = {isa = PBXFileReference; lastKnownFileType = sourcecode.c.objc; path = main.m; sourceTree = "<group>"; };
		32F3B9A71D71324E0096F0CA /* Assets.xcassets */ = {isa = PBXFileReference; lastKnownFileType = folder.assetcatalog; path = Assets.xcassets; sourceTree = "<group>"; };
		32F3B9AA1D71324E0096F0CA /* Base */ = {isa = PBXFileReference; lastKnownFileType = file.storyboard; name = Base; path = Base.lproj/LaunchScreen.storyboard; sourceTree = "<group>"; };
		32F3B9AC1D71324E0096F0CA /* Info.plist */ = {isa = PBXFileReference; lastKnownFileType = text.plist.xml; path = Info.plist; sourceTree = "<group>"; };
		32F3B9B11D71324F0096F0CA /* YXPlayerDemoTests.xctest */ = {isa = PBXFileReference; explicitFileType = wrapper.cfbundle; includeInIndex = 0; path = YXPlayerDemoTests.xctest; sourceTree = BUILT_PRODUCTS_DIR; };
		32F3B9B51D71324F0096F0CA /* YXPlayerDemoTests.m */ = {isa = PBXFileReference; lastKnownFileType = sourcecode.c.objc; path = YXPlayerDemoTests.m; sourceTree = "<group>"; };
		32F3B9B71D71324F0096F0CA /* Info.plist */ = {isa = PBXFileReference; lastKnownFileType = text.plist.xml; path = Info.plist; sourceTree = "<group>"; };
		32F3B9BC1D71324F0096F0CA /* YXPlayerDemoUITests.xctest */ = {isa = PBXFileReference; explicitFileType = wrapper.cfbundle; includeInIndex = 0; path = YXPlayerDemoUITests.xctest; sourceTree = BUILT_PRODUCTS_DIR; };
		32F3B9C01D71324F0096F0CA /* YXPlayerDemoUITests.m */ = {isa = PBXFileReference; lastKnownFileType = sourcecode.c.objc; path = YXPlayerDemoUITests.m; sourceTree = "<group>"; };
		32F3B9C21D71324F0096F0CA /* Info.plist */ = {isa = PBXFileReference; lastKnownFileType = text.plist.xml; path = Info.plist; sourceTree = "<group>"; };
		32F3B9E01D7132990096F0CA /* detail_pause_icon@3x.png */ = {isa = PBXFileReference; lastKnownFileType = image.png; path = "detail_pause_icon@3x.png"; sourceTree = "<group>"; };
		32F3B9E11D7132990096F0CA /* detail_play_icon@3x.png */ = {isa = PBXFileReference; lastKnownFileType = image.png; path = "detail_play_icon@3x.png"; sourceTree = "<group>"; };
		32F3B9FB1D7134000096F0CA /* AppDelegate.h */ = {isa = PBXFileReference; fileEncoding = 4; lastKnownFileType = sourcecode.c.h; path = AppDelegate.h; sourceTree = "<group>"; };
		32F3B9FC1D7134000096F0CA /* AppDelegate.m */ = {isa = PBXFileReference; fileEncoding = 4; lastKnownFileType = sourcecode.c.objc; path = AppDelegate.m; sourceTree = "<group>"; };
		3E760085413B77471D204480 /* Pods-YXPlayerDemo.release.xcconfig */ = {isa = PBXFileReference; includeInIndex = 1; lastKnownFileType = text.xcconfig; name = "Pods-YXPlayerDemo.release.xcconfig"; path = "Pods/Target Support Files/Pods-YXPlayerDemo/Pods-YXPlayerDemo.release.xcconfig"; sourceTree = "<group>"; };
		81DE63A5BB8FA8162BE99B69 /* Pods-YXPlayerDemo.debug.xcconfig */ = {isa = PBXFileReference; includeInIndex = 1; lastKnownFileType = text.xcconfig; name = "Pods-YXPlayerDemo.debug.xcconfig"; path = "Pods/Target Support Files/Pods-YXPlayerDemo/Pods-YXPlayerDemo.debug.xcconfig"; sourceTree = "<group>"; };
/* End PBXFileReference section */

/* Begin PBXFrameworksBuildPhase section */
		32F3B9951D71324E0096F0CA /* Frameworks */ = {
			isa = PBXFrameworksBuildPhase;
			buildActionMask = 2147483647;
			files = (
				573BBB11F4540AFB4DE8EE0F /* Pods_YXPlayerDemo.framework in Frameworks */,
			);
			runOnlyForDeploymentPostprocessing = 0;
		};
		32F3B9AE1D71324F0096F0CA /* Frameworks */ = {
			isa = PBXFrameworksBuildPhase;
			buildActionMask = 2147483647;
			files = (
			);
			runOnlyForDeploymentPostprocessing = 0;
		};
		32F3B9B91D71324F0096F0CA /* Frameworks */ = {
			isa = PBXFrameworksBuildPhase;
			buildActionMask = 2147483647;
			files = (
			);
			runOnlyForDeploymentPostprocessing = 0;
		};
/* End PBXFrameworksBuildPhase section */

/* Begin PBXGroup section */
		0097A26350EAC71D536D78F2 /* Frameworks */ = {
			isa = PBXGroup;
			children = (
				189B1C5AB933450C6346E328 /* Pods_YXPlayerDemo.framework */,
			);
			name = Frameworks;
			sourceTree = "<group>";
		};
		2624859765B78A6E1CC00CF8 /* Pods */ = {
			isa = PBXGroup;
			children = (
				81DE63A5BB8FA8162BE99B69 /* Pods-YXPlayerDemo.debug.xcconfig */,
				3E760085413B77471D204480 /* Pods-YXPlayerDemo.release.xcconfig */,
			);
			name = Pods;
			sourceTree = "<group>";
		};
		32EBBFBE1DB0E2C2006C13AE /* Classes */ = {
			isa = PBXGroup;
			children = (
				32EBBFBF1DB0E2C2006C13AE /* Controller */,
			);
			path = Classes;
			sourceTree = "<group>";
		};
		32EBBFBF1DB0E2C2006C13AE /* Controller */ = {
			isa = PBXGroup;
			children = (
				32EBBFC01DB0E2C2006C13AE /* YXEnterViewController.h */,
				32EBBFC11DB0E2C2006C13AE /* YXEnterViewController.m */,
				32EBBFC21DB0E2C2006C13AE /* YXLiveViewController.h */,
				32EBBFC31DB0E2C2006C13AE /* YXLiveViewController.m */,
			);
			path = Controller;
			sourceTree = "<group>";
		};
		32EBBFC61DB0E2D6006C13AE /* YXClasses */ = {
			isa = PBXGroup;
			children = (
				32EBBFC71DB0E2D6006C13AE /* YXCategory */,
				32EBBFD01DB0E2D6006C13AE /* YXNetWorking */,
				32EBBFD31DB0E2D6006C13AE /* YXPlayerGUI */,
				32EBC0021DB0E2D7006C13AE /* YXSource */,
			);
			path = YXClasses;
			sourceTree = "<group>";
		};
		32EBBFC71DB0E2D6006C13AE /* YXCategory */ = {
			isa = PBXGroup;
			children = (
				32EBC0381DB0EE3E006C13AE /* NSTimer+YXExtension.h */,
				32EBC0391DB0EE3E006C13AE /* NSTimer+YXExtension.m */,
				32EBBFC81DB0E2D6006C13AE /* NSString+YXExtension.h */,
				32EBBFC91DB0E2D6006C13AE /* NSString+YXExtension.m */,
				32EBBFCA1DB0E2D6006C13AE /* UIColor+YXExtension.h */,
				32EBBFCB1DB0E2D6006C13AE /* UIColor+YXExtension.m */,
				32EBBFCC1DB0E2D6006C13AE /* UIImage+YXExtension.h */,
				32EBBFCD1DB0E2D6006C13AE /* UIImage+YXExtension.m */,
				32EBBFCE1DB0E2D6006C13AE /* UIScrollView+YXExtension.h */,
				32EBBFCF1DB0E2D6006C13AE /* UIScrollView+YXExtension.m */,
			);
			path = YXCategory;
			sourceTree = "<group>";
		};
		32EBBFD01DB0E2D6006C13AE /* YXNetWorking */ = {
			isa = PBXGroup;
			children = (
				32EBBFD11DB0E2D6006C13AE /* YXNetWorking.h */,
				32EBBFD21DB0E2D6006C13AE /* YXNetWorking.m */,
			);
			path = YXNetWorking;
			sourceTree = "<group>";
		};
		32EBBFD31DB0E2D6006C13AE /* YXPlayerGUI */ = {
			isa = PBXGroup;
			children = (
				32EBBFF21DB0E2D7006C13AE /* YXLiveList */,
				32EBBFD41DB0E2D6006C13AE /* YXLiveDetail */,
				32EBC0001DB0E2D7006C13AE /* YXNavigationController.h */,
				32EBC0011DB0E2D7006C13AE /* YXNavigationController.m */,
			);
			path = YXPlayerGUI;
			sourceTree = "<group>";
		};
		32EBBFD41DB0E2D6006C13AE /* YXLiveDetail */ = {
			isa = PBXGroup;
			children = (
				32EBBFD51DB0E2D6006C13AE /* Controller */,
				32EBBFD81DB0E2D7006C13AE /* Model */,
				32EBBFDF1DB0E2D7006C13AE /* View */,
			);
			path = YXLiveDetail;
			sourceTree = "<group>";
		};
		32EBBFD51DB0E2D6006C13AE /* Controller */ = {
			isa = PBXGroup;
			children = (
				32EBBFD61DB0E2D6006C13AE /* YXLiveDetailViewController.h */,
				32EBBFD71DB0E2D7006C13AE /* YXLiveDetailViewController.m */,
			);
			path = Controller;
			sourceTree = "<group>";
		};
		32EBBFD81DB0E2D7006C13AE /* Model */ = {
			isa = PBXGroup;
			children = (
				32EBBFD91DB0E2D7006C13AE /* YXCommentModel.h */,
				32EBBFDA1DB0E2D7006C13AE /* YXCommentModel.m */,
				32EBBFDB1DB0E2D7006C13AE /* YXLiveStream.h */,
				32EBBFDC1DB0E2D7006C13AE /* YXLiveStream.m */,
				32EBBFDD1DB0E2D7006C13AE /* YXModule.h */,
				32EBBFDE1DB0E2D7006C13AE /* YXModule.m */,
			);
			path = Model;
			sourceTree = "<group>";
		};
		32EBBFDF1DB0E2D7006C13AE /* View */ = {
			isa = PBXGroup;
			children = (
				32EBBFE01DB0E2D7006C13AE /* YXBottomInputView.h */,
				32EBBFE11DB0E2D7006C13AE /* YXBottomInputView.m */,
				32EBBFE21DB0E2D7006C13AE /* YXCalculateTimeLabel.h */,
				32EBBFE31DB0E2D7006C13AE /* YXCalculateTimeLabel.m */,
				32EBBFE41DB0E2D7006C13AE /* YXCommentTableCell.h */,
				32EBBFE51DB0E2D7006C13AE /* YXCommentTableCell.m */,
				32EBBFE61DB0E2D7006C13AE /* YXCommentTableView.h */,
				32EBBFE71DB0E2D7006C13AE /* YXCommentTableView.m */,
				32EBBFE81DB0E2D7006C13AE /* YXCommentView.h */,
				32EBBFE91DB0E2D7006C13AE /* YXCommentView.m */,
				32EBBFEA1DB0E2D7006C13AE /* YXCopyLabel.h */,
				32EBBFEB1DB0E2D7006C13AE /* YXCopyLabel.m */,
				32EBBFEC1DB0E2D7006C13AE /* YXPlayView.h */,
				32EBBFED1DB0E2D7006C13AE /* YXPlayView.m */,
				32EBBFEE1DB0E2D7006C13AE /* YXTitleBar.h */,
				32EBBFEF1DB0E2D7006C13AE /* YXTitleBar.m */,
				32EBBFF01DB0E2D7006C13AE /* YXWebView.h */,
				32EBBFF11DB0E2D7006C13AE /* YXWebView.m */,
			);
			path = View;
			sourceTree = "<group>";
		};
		32EBBFF21DB0E2D7006C13AE /* YXLiveList */ = {
			isa = PBXGroup;
			children = (
				32EBBFF31DB0E2D7006C13AE /* Controller */,
				32EBBFF61DB0E2D7006C13AE /* Model */,
				32EBBFF91DB0E2D7006C13AE /* View */,
			);
			path = YXLiveList;
			sourceTree = "<group>";
		};
		32EBBFF31DB0E2D7006C13AE /* Controller */ = {
			isa = PBXGroup;
			children = (
				32EBBFF41DB0E2D7006C13AE /* YXLiveListViewController.h */,
				32EBBFF51DB0E2D7006C13AE /* YXLiveListViewController.m */,
			);
			path = Controller;
			sourceTree = "<group>";
		};
		32EBBFF61DB0E2D7006C13AE /* Model */ = {
			isa = PBXGroup;
			children = (
				32EBBFF71DB0E2D7006C13AE /* YXLiveModel.h */,
				32EBBFF81DB0E2D7006C13AE /* YXLiveModel.m */,
			);
			path = Model;
			sourceTree = "<group>";
		};
		32EBBFF91DB0E2D7006C13AE /* View */ = {
			isa = PBXGroup;
			children = (
				32EBBFFA1DB0E2D7006C13AE /* YXCollectionLayout.h */,
				32EBBFFB1DB0E2D7006C13AE /* YXCollectionLayout.m */,
				32EBBFFC1DB0E2D7006C13AE /* YXLiveCollectionCell.h */,
				32EBBFFD1DB0E2D7006C13AE /* YXLiveCollectionCell.m */,
				32EBBFFE1DB0E2D7006C13AE /* YXLiveListCollectionView.h */,
				32EBBFFF1DB0E2D7006C13AE /* YXLiveListCollectionView.m */,
			);
			path = View;
			sourceTree = "<group>";
		};
		32EBC0021DB0E2D7006C13AE /* YXSource */ = {
			isa = PBXGroup;
			children = (
				32EBC0031DB0E2D7006C13AE /* images */,
				32EBC0101DB0E2D7006C13AE /* YXGlobalDefine.h */,
			);
			path = YXSource;
			sourceTree = "<group>";
		};
		32EBC0031DB0E2D7006C13AE /* images */ = {
			isa = PBXGroup;
			children = (
				32EBC0041DB0E2D7006C13AE /* activity_default_img@3x.png */,
				32EBC0051DB0E2D7006C13AE /* defaultHead.png */,
				32EBC0061DB0E2D7006C13AE /* detail_fullscreen_btn_normal@2x.png */,
				32EBC0071DB0E2D7006C13AE /* detail_fullscreen_btn_normal@3x.png */,
				32EBC0081DB0E2D7006C13AE /* detail_pause_icon@3x.png */,
				32EBC0091DB0E2D7006C13AE /* detail_play_icon@3x.png */,
				32EBC00A1DB0E2D7006C13AE /* favorite_favorite_icon@2x.png */,
				32EBC00B1DB0E2D7006C13AE /* favorite_favorite_icon@3x.png */,
				32EBC00C1DB0E2D7006C13AE /* live_gift_btn_highlighted@2x.png */,
				32EBC00D1DB0E2D7006C13AE /* live_gift_btn_highlighted@3x.png */,
				32EBC00E1DB0E2D7006C13AE /* live_gift_btn_normal@2x.png */,
				32EBC00F1DB0E2D7006C13AE /* live_gift_btn_normal@3x.png */,
			);
			path = images;
			sourceTree = "<group>";
		};
		32F3B98F1D71324E0096F0CA = {
			isa = PBXGroup;
			children = (
				32F3B99A1D71324E0096F0CA /* YXPlayerDemo */,
				32F3B9B41D71324F0096F0CA /* YXPlayerDemoTests */,
				32F3B9BF1D71324F0096F0CA /* YXPlayerDemoUITests */,
				32F3B9991D71324E0096F0CA /* Products */,
				2624859765B78A6E1CC00CF8 /* Pods */,
				0097A26350EAC71D536D78F2 /* Frameworks */,
			);
			sourceTree = "<group>";
		};
		32F3B9991D71324E0096F0CA /* Products */ = {
			isa = PBXGroup;
			children = (
				32F3B9981D71324E0096F0CA /* YXPlayerDemo.app */,
				32F3B9B11D71324F0096F0CA /* YXPlayerDemoTests.xctest */,
				32F3B9BC1D71324F0096F0CA /* YXPlayerDemoUITests.xctest */,
			);
			name = Products;
			sourceTree = "<group>";
		};
		32F3B99A1D71324E0096F0CA /* YXPlayerDemo */ = {
			isa = PBXGroup;
			children = (
				32EBBFC61DB0E2D6006C13AE /* YXClasses */,
				32EBBFBE1DB0E2C2006C13AE /* Classes */,
				32F3B99B1D71324E0096F0CA /* Supporting Files */,
			);
			path = YXPlayerDemo;
			sourceTree = "<group>";
		};
		32F3B99B1D71324E0096F0CA /* Supporting Files */ = {
			isa = PBXGroup;
			children = (
				32F3B9FB1D7134000096F0CA /* AppDelegate.h */,
				32F3B9FC1D7134000096F0CA /* AppDelegate.m */,
				32034A991D7425F9001C9AA4 /* PrefixHeader.pch */,
				32F3B9DF1D7132990096F0CA /* Images */,
				32F3B9A71D71324E0096F0CA /* Assets.xcassets */,
				32F3B9A91D71324E0096F0CA /* LaunchScreen.storyboard */,
				32F3B9AC1D71324E0096F0CA /* Info.plist */,
				32F3B99C1D71324E0096F0CA /* main.m */,
			);
			name = "Supporting Files";
			sourceTree = "<group>";
		};
		32F3B9B41D71324F0096F0CA /* YXPlayerDemoTests */ = {
			isa = PBXGroup;
			children = (
				32F3B9B51D71324F0096F0CA /* YXPlayerDemoTests.m */,
				32F3B9B71D71324F0096F0CA /* Info.plist */,
			);
			path = YXPlayerDemoTests;
			sourceTree = "<group>";
		};
		32F3B9BF1D71324F0096F0CA /* YXPlayerDemoUITests */ = {
			isa = PBXGroup;
			children = (
				32F3B9C01D71324F0096F0CA /* YXPlayerDemoUITests.m */,
				32F3B9C21D71324F0096F0CA /* Info.plist */,
			);
			path = YXPlayerDemoUITests;
			sourceTree = "<group>";
		};
		32F3B9DF1D7132990096F0CA /* Images */ = {
			isa = PBXGroup;
			children = (
				32F3B9E01D7132990096F0CA /* detail_pause_icon@3x.png */,
				32F3B9E11D7132990096F0CA /* detail_play_icon@3x.png */,
			);
			path = Images;
			sourceTree = "<group>";
		};
/* End PBXGroup section */

/* Begin PBXNativeTarget section */
		32F3B9971D71324E0096F0CA /* YXPlayerDemo */ = {
			isa = PBXNativeTarget;
			buildConfigurationList = 32F3B9C51D71324F0096F0CA /* Build configuration list for PBXNativeTarget "YXPlayerDemo" */;
			buildPhases = (
				FB3152AE1DD59655EFC0A12E /* Check Pods Manifest.lock */,
				32F3B9941D71324E0096F0CA /* Sources */,
				32F3B9951D71324E0096F0CA /* Frameworks */,
				32F3B9961D71324E0096F0CA /* Resources */,
				B8F8638B5074389A2FF1D0AF /* Embed Pods Frameworks */,
				A47C3D771E1DF222146618DF /* Copy Pods Resources */,
			);
			buildRules = (
			);
			dependencies = (
			);
			name = YXPlayerDemo;
			productName = YXPlayerDemo;
			productReference = 32F3B9981D71324E0096F0CA /* YXPlayerDemo.app */;
			productType = "com.apple.product-type.application";
		};
		32F3B9B01D71324F0096F0CA /* YXPlayerDemoTests */ = {
			isa = PBXNativeTarget;
			buildConfigurationList = 32F3B9C81D71324F0096F0CA /* Build configuration list for PBXNativeTarget "YXPlayerDemoTests" */;
			buildPhases = (
				32F3B9AD1D71324F0096F0CA /* Sources */,
				32F3B9AE1D71324F0096F0CA /* Frameworks */,
				32F3B9AF1D71324F0096F0CA /* Resources */,
			);
			buildRules = (
			);
			dependencies = (
				32F3B9B31D71324F0096F0CA /* PBXTargetDependency */,
			);
			name = YXPlayerDemoTests;
			productName = YXPlayerDemoTests;
			productReference = 32F3B9B11D71324F0096F0CA /* YXPlayerDemoTests.xctest */;
			productType = "com.apple.product-type.bundle.unit-test";
		};
		32F3B9BB1D71324F0096F0CA /* YXPlayerDemoUITests */ = {
			isa = PBXNativeTarget;
			buildConfigurationList = 32F3B9CB1D71324F0096F0CA /* Build configuration list for PBXNativeTarget "YXPlayerDemoUITests" */;
			buildPhases = (
				32F3B9B81D71324F0096F0CA /* Sources */,
				32F3B9B91D71324F0096F0CA /* Frameworks */,
				32F3B9BA1D71324F0096F0CA /* Resources */,
			);
			buildRules = (
			);
			dependencies = (
				32F3B9BE1D71324F0096F0CA /* PBXTargetDependency */,
			);
			name = YXPlayerDemoUITests;
			productName = YXPlayerDemoUITests;
			productReference = 32F3B9BC1D71324F0096F0CA /* YXPlayerDemoUITests.xctest */;
			productType = "com.apple.product-type.bundle.ui-testing";
		};
/* End PBXNativeTarget section */

/* Begin PBXProject section */
		32F3B9901D71324E0096F0CA /* Project object */ = {
			isa = PBXProject;
			attributes = {
				LastUpgradeCheck = 0730;
				ORGANIZATIONNAME = YunXi;
				TargetAttributes = {
					32F3B9971D71324E0096F0CA = {
						CreatedOnToolsVersion = 7.3;
						DevelopmentTeam = 793ZD5A9NW;
					};
					32F3B9B01D71324F0096F0CA = {
						CreatedOnToolsVersion = 7.3;
						TestTargetID = 32F3B9971D71324E0096F0CA;
					};
					32F3B9BB1D71324F0096F0CA = {
						CreatedOnToolsVersion = 7.3;
						TestTargetID = 32F3B9971D71324E0096F0CA;
					};
				};
			};
			buildConfigurationList = 32F3B9931D71324E0096F0CA /* Build configuration list for PBXProject "YXPlayerDemo" */;
			compatibilityVersion = "Xcode 3.2";
			developmentRegion = English;
			hasScannedForEncodings = 0;
			knownRegions = (
				en,
				Base,
			);
			mainGroup = 32F3B98F1D71324E0096F0CA;
			productRefGroup = 32F3B9991D71324E0096F0CA /* Products */;
			projectDirPath = "";
			projectRoot = "";
			targets = (
				32F3B9971D71324E0096F0CA /* YXPlayerDemo */,
				32F3B9B01D71324F0096F0CA /* YXPlayerDemoTests */,
				32F3B9BB1D71324F0096F0CA /* YXPlayerDemoUITests */,
			);
		};
/* End PBXProject section */

/* Begin PBXResourcesBuildPhase section */
		32F3B9961D71324E0096F0CA /* Resources */ = {
			isa = PBXResourcesBuildPhase;
			buildActionMask = 2147483647;
			files = (
				32F3B9AB1D71324E0096F0CA /* LaunchScreen.storyboard in Resources */,
				32EBC02C1DB0E2D7006C13AE /* detail_fullscreen_btn_normal@3x.png in Resources */,
				32EBC0301DB0E2D7006C13AE /* favorite_favorite_icon@3x.png in Resources */,
				32F3B9E31D7132990096F0CA /* detail_play_icon@3x.png in Resources */,
				32EBC0321DB0E2D7006C13AE /* live_gift_btn_highlighted@3x.png in Resources */,
				32EBC0291DB0E2D7006C13AE /* activity_default_img@3x.png in Resources */,
				32F3B9A81D71324E0096F0CA /* Assets.xcassets in Resources */,
				32EBC02D1DB0E2D7006C13AE /* detail_pause_icon@3x.png in Resources */,
				32F3B9E21D7132990096F0CA /* detail_pause_icon@3x.png in Resources */,
				32EBC0331DB0E2D7006C13AE /* live_gift_btn_normal@2x.png in Resources */,
				32EBC02A1DB0E2D7006C13AE /* defaultHead.png in Resources */,
				32EBC0311DB0E2D7006C13AE /* live_gift_btn_highlighted@2x.png in Resources */,
				32EBC02B1DB0E2D7006C13AE /* detail_fullscreen_btn_normal@2x.png in Resources */,
				32EBC0341DB0E2D7006C13AE /* live_gift_btn_normal@3x.png in Resources */,
				32EBC02E1DB0E2D7006C13AE /* detail_play_icon@3x.png in Resources */,
				32EBC02F1DB0E2D7006C13AE /* favorite_favorite_icon@2x.png in Resources */,
			);
			runOnlyForDeploymentPostprocessing = 0;
		};
		32F3B9AF1D71324F0096F0CA /* Resources */ = {
			isa = PBXResourcesBuildPhase;
			buildActionMask = 2147483647;
			files = (
			);
			runOnlyForDeploymentPostprocessing = 0;
		};
		32F3B9BA1D71324F0096F0CA /* Resources */ = {
			isa = PBXResourcesBuildPhase;
			buildActionMask = 2147483647;
			files = (
			);
			runOnlyForDeploymentPostprocessing = 0;
		};
/* End PBXResourcesBuildPhase section */

/* Begin PBXShellScriptBuildPhase section */
		A47C3D771E1DF222146618DF /* Copy Pods Resources */ = {
			isa = PBXShellScriptBuildPhase;
			buildActionMask = 2147483647;
			files = (
			);
			inputPaths = (
			);
			name = "Copy Pods Resources";
			outputPaths = (
			);
			runOnlyForDeploymentPostprocessing = 0;
			shellPath = /bin/sh;
			shellScript = "\"${SRCROOT}/Pods/Target Support Files/Pods-YXPlayerDemo/Pods-YXPlayerDemo-resources.sh\"\n";
			showEnvVarsInLog = 0;
		};
		B8F8638B5074389A2FF1D0AF /* Embed Pods Frameworks */ = {
			isa = PBXShellScriptBuildPhase;
			buildActionMask = 2147483647;
			files = (
			);
			inputPaths = (
			);
			name = "Embed Pods Frameworks";
			outputPaths = (
			);
			runOnlyForDeploymentPostprocessing = 0;
			shellPath = /bin/sh;
			shellScript = "\"${SRCROOT}/Pods/Target Support Files/Pods-YXPlayerDemo/Pods-YXPlayerDemo-frameworks.sh\"\n";
			showEnvVarsInLog = 0;
		};
		FB3152AE1DD59655EFC0A12E /* Check Pods Manifest.lock */ = {
			isa = PBXShellScriptBuildPhase;
			buildActionMask = 2147483647;
			files = (
			);
			inputPaths = (
			);
			name = "Check Pods Manifest.lock";
			outputPaths = (
			);
			runOnlyForDeploymentPostprocessing = 0;
			shellPath = /bin/sh;
			shellScript = "diff \"${PODS_ROOT}/../Podfile.lock\" \"${PODS_ROOT}/Manifest.lock\" > /dev/null\nif [[ $? != 0 ]] ; then\n    cat << EOM\nerror: The sandbox is not in sync with the Podfile.lock. Run 'pod install' or update your CocoaPods installation.\nEOM\n    exit 1\nfi\n";
			showEnvVarsInLog = 0;
		};
/* End PBXShellScriptBuildPhase section */

/* Begin PBXSourcesBuildPhase section */
		32F3B9941D71324E0096F0CA /* Sources */ = {
			isa = PBXSourcesBuildPhase;
			buildActionMask = 2147483647;
			files = (
				32EBC0221DB0E2D7006C13AE /* YXWebView.m in Sources */,
				32EBC0151DB0E2D7006C13AE /* YXNetWorking.m in Sources */,
				32EBC0241DB0E2D7006C13AE /* YXLiveModel.m in Sources */,
				32F3B99D1D71324E0096F0CA /* main.m in Sources */,
				32EBC01B1DB0E2D7006C13AE /* YXCalculateTimeLabel.m in Sources */,
				32EBC0231DB0E2D7006C13AE /* YXLiveListViewController.m in Sources */,
				32EBC01E1DB0E2D7006C13AE /* YXCommentView.m in Sources */,
				32EBC0181DB0E2D7006C13AE /* YXLiveStream.m in Sources */,
				32EBC0281DB0E2D7006C13AE /* YXNavigationController.m in Sources */,
				32EBC0261DB0E2D7006C13AE /* YXLiveCollectionCell.m in Sources */,
				32EBC0161DB0E2D7006C13AE /* YXLiveDetailViewController.m in Sources */,
				32EBC0171DB0E2D7006C13AE /* YXCommentModel.m in Sources */,
				32EBC01A1DB0E2D7006C13AE /* YXBottomInputView.m in Sources */,
				32EBC0111DB0E2D7006C13AE /* NSString+YXExtension.m in Sources */,
				32EBC0201DB0E2D7006C13AE /* YXPlayView.m in Sources */,
				32EBC01F1DB0E2D7006C13AE /* YXCopyLabel.m in Sources */,
				32EBC0251DB0E2D7006C13AE /* YXCollectionLayout.m in Sources */,
				32EBC0211DB0E2D7006C13AE /* YXTitleBar.m in Sources */,
				32EBBFC51DB0E2C2006C13AE /* YXLiveViewController.m in Sources */,
				32EBC0131DB0E2D7006C13AE /* UIImage+YXExtension.m in Sources */,
				32EBC0191DB0E2D7006C13AE /* YXModule.m in Sources */,
				32EBC01C1DB0E2D7006C13AE /* YXCommentTableCell.m in Sources */,
				32EBC01D1DB0E2D7006C13AE /* YXCommentTableView.m in Sources */,
				32F3B9FD1D7134000096F0CA /* AppDelegate.m in Sources */,
				32EBC0121DB0E2D7006C13AE /* UIColor+YXExtension.m in Sources */,
				32EBC0141DB0E2D7006C13AE /* UIScrollView+YXExtension.m in Sources */,
				32EBC0271DB0E2D7006C13AE /* YXLiveListCollectionView.m in Sources */,
				32EBC03A1DB0EE3E006C13AE /* NSTimer+YXExtension.m in Sources */,
				32EBBFC41DB0E2C2006C13AE /* YXEnterViewController.m in Sources */,
			);
			runOnlyForDeploymentPostprocessing = 0;
		};
		32F3B9AD1D71324F0096F0CA /* Sources */ = {
			isa = PBXSourcesBuildPhase;
			buildActionMask = 2147483647;
			files = (
				32F3B9B61D71324F0096F0CA /* YXPlayerDemoTests.m in Sources */,
			);
			runOnlyForDeploymentPostprocessing = 0;
		};
		32F3B9B81D71324F0096F0CA /* Sources */ = {
			isa = PBXSourcesBuildPhase;
			buildActionMask = 2147483647;
			files = (
				32F3B9C11D71324F0096F0CA /* YXPlayerDemoUITests.m in Sources */,
			);
			runOnlyForDeploymentPostprocessing = 0;
		};
/* End PBXSourcesBuildPhase section */

/* Begin PBXTargetDependency section */
		32F3B9B31D71324F0096F0CA /* PBXTargetDependency */ = {
			isa = PBXTargetDependency;
			target = 32F3B9971D71324E0096F0CA /* YXPlayerDemo */;
			targetProxy = 32F3B9B21D71324F0096F0CA /* PBXContainerItemProxy */;
		};
		32F3B9BE1D71324F0096F0CA /* PBXTargetDependency */ = {
			isa = PBXTargetDependency;
			target = 32F3B9971D71324E0096F0CA /* YXPlayerDemo */;
			targetProxy = 32F3B9BD1D71324F0096F0CA /* PBXContainerItemProxy */;
		};
/* End PBXTargetDependency section */

/* Begin PBXVariantGroup section */
		32F3B9A91D71324E0096F0CA /* LaunchScreen.storyboard */ = {
			isa = PBXVariantGroup;
			children = (
				32F3B9AA1D71324E0096F0CA /* Base */,
			);
			name = LaunchScreen.storyboard;
			sourceTree = "<group>";
		};
/* End PBXVariantGroup section */

/* Begin XCBuildConfiguration section */
		32F3B9C31D71324F0096F0CA /* Debug */ = {
			isa = XCBuildConfiguration;
			buildSettings = {
				ALWAYS_SEARCH_USER_PATHS = NO;
				CLANG_ANALYZER_NONNULL = YES;
				CLANG_CXX_LANGUAGE_STANDARD = "gnu++0x";
				CLANG_CXX_LIBRARY = "libc++";
				CLANG_ENABLE_MODULES = YES;
				CLANG_ENABLE_OBJC_ARC = YES;
				CLANG_WARN_BOOL_CONVERSION = YES;
				CLANG_WARN_CONSTANT_CONVERSION = YES;
				CLANG_WARN_DIRECT_OBJC_ISA_USAGE = YES_ERROR;
				CLANG_WARN_EMPTY_BODY = YES;
				CLANG_WARN_ENUM_CONVERSION = YES;
				CLANG_WARN_INT_CONVERSION = YES;
				CLANG_WARN_OBJC_ROOT_CLASS = YES_ERROR;
				CLANG_WARN_UNREACHABLE_CODE = YES;
				CLANG_WARN__DUPLICATE_METHOD_MATCH = YES;
				"CODE_SIGN_IDENTITY[sdk=iphoneos*]" = "iPhone Developer";
				COPY_PHASE_STRIP = NO;
				DEBUG_INFORMATION_FORMAT = dwarf;
				ENABLE_STRICT_OBJC_MSGSEND = YES;
				ENABLE_TESTABILITY = YES;
				GCC_C_LANGUAGE_STANDARD = gnu99;
				GCC_DYNAMIC_NO_PIC = NO;
				GCC_NO_COMMON_BLOCKS = YES;
				GCC_OPTIMIZATION_LEVEL = 0;
				GCC_PREPROCESSOR_DEFINITIONS = (
					"DEBUG=1",
					"$(inherited)",
				);
				GCC_WARN_64_TO_32_BIT_CONVERSION = YES;
				GCC_WARN_ABOUT_RETURN_TYPE = YES_ERROR;
				GCC_WARN_UNDECLARED_SELECTOR = YES;
				GCC_WARN_UNINITIALIZED_AUTOS = YES_AGGRESSIVE;
				GCC_WARN_UNUSED_FUNCTION = YES;
				GCC_WARN_UNUSED_VARIABLE = YES;
				IPHONEOS_DEPLOYMENT_TARGET = 9.3;
				MTL_ENABLE_DEBUG_INFO = YES;
				ONLY_ACTIVE_ARCH = YES;
				SDKROOT = iphoneos;
			};
			name = Debug;
		};
		32F3B9C41D71324F0096F0CA /* Release */ = {
			isa = XCBuildConfiguration;
			buildSettings = {
				ALWAYS_SEARCH_USER_PATHS = NO;
				CLANG_ANALYZER_NONNULL = YES;
				CLANG_CXX_LANGUAGE_STANDARD = "gnu++0x";
				CLANG_CXX_LIBRARY = "libc++";
				CLANG_ENABLE_MODULES = YES;
				CLANG_ENABLE_OBJC_ARC = YES;
				CLANG_WARN_BOOL_CONVERSION = YES;
				CLANG_WARN_CONSTANT_CONVERSION = YES;
				CLANG_WARN_DIRECT_OBJC_ISA_USAGE = YES_ERROR;
				CLANG_WARN_EMPTY_BODY = YES;
				CLANG_WARN_ENUM_CONVERSION = YES;
				CLANG_WARN_INT_CONVERSION = YES;
				CLANG_WARN_OBJC_ROOT_CLASS = YES_ERROR;
				CLANG_WARN_UNREACHABLE_CODE = YES;
				CLANG_WARN__DUPLICATE_METHOD_MATCH = YES;
				"CODE_SIGN_IDENTITY[sdk=iphoneos*]" = "iPhone Developer";
				COPY_PHASE_STRIP = NO;
				DEBUG_INFORMATION_FORMAT = "dwarf-with-dsym";
				ENABLE_NS_ASSERTIONS = NO;
				ENABLE_STRICT_OBJC_MSGSEND = YES;
				GCC_C_LANGUAGE_STANDARD = gnu99;
				GCC_NO_COMMON_BLOCKS = YES;
				GCC_WARN_64_TO_32_BIT_CONVERSION = YES;
				GCC_WARN_ABOUT_RETURN_TYPE = YES_ERROR;
				GCC_WARN_UNDECLARED_SELECTOR = YES;
				GCC_WARN_UNINITIALIZED_AUTOS = YES_AGGRESSIVE;
				GCC_WARN_UNUSED_FUNCTION = YES;
				GCC_WARN_UNUSED_VARIABLE = YES;
				IPHONEOS_DEPLOYMENT_TARGET = 9.3;
				MTL_ENABLE_DEBUG_INFO = NO;
				SDKROOT = iphoneos;
				VALIDATE_PRODUCT = YES;
			};
			name = Release;
		};
		32F3B9C61D71324F0096F0CA /* Debug */ = {
			isa = XCBuildConfiguration;
			baseConfigurationReference = 81DE63A5BB8FA8162BE99B69 /* Pods-YXPlayerDemo.debug.xcconfig */;
			buildSettings = {
				ASSETCATALOG_COMPILER_APPICON_NAME = AppIcon;
				CODE_SIGN_IDENTITY = "iPhone Developer";
				"CODE_SIGN_IDENTITY[sdk=iphoneos*]" = "iPhone Developer";
				ENABLE_BITCODE = NO;
				GCC_PREFIX_HEADER = YXPlayerDemo/PrefixHeader.pch;
				INFOPLIST_FILE = YXPlayerDemo/Info.plist;
				IPHONEOS_DEPLOYMENT_TARGET = 8.1;
				LD_RUNPATH_SEARCH_PATHS = "$(inherited) @executable_path/Frameworks";
				LIBRARY_SEARCH_PATHS = (
					"$(inherited)",
					"$(PROJECT_DIR)/YXPlayerDemo/YXPlayer/include",
					"$(PROJECT_DIR)/YXPlayerDemo/YXPlayerKit/include",
				);
				PRODUCT_BUNDLE_IDENTIFIER = tv.yunxi.YXPlayerDemo;
				PRODUCT_NAME = "$(TARGET_NAME)";
				PROVISIONING_PROFILE = "";
			};
			name = Debug;
		};
		32F3B9C71D71324F0096F0CA /* Release */ = {
			isa = XCBuildConfiguration;
			baseConfigurationReference = 3E760085413B77471D204480 /* Pods-YXPlayerDemo.release.xcconfig */;
			buildSettings = {
				ASSETCATALOG_COMPILER_APPICON_NAME = AppIcon;
				CODE_SIGN_IDENTITY = "iPhone Developer";
				"CODE_SIGN_IDENTITY[sdk=iphoneos*]" = "iPhone Developer";
				ENABLE_BITCODE = NO;
				GCC_PREFIX_HEADER = YXPlayerDemo/PrefixHeader.pch;
				INFOPLIST_FILE = YXPlayerDemo/Info.plist;
				IPHONEOS_DEPLOYMENT_TARGET = 8.1;
				LD_RUNPATH_SEARCH_PATHS = "$(inherited) @executable_path/Frameworks";
				LIBRARY_SEARCH_PATHS = (
					"$(inherited)",
					"$(PROJECT_DIR)/YXPlayerDemo/YXPlayer/include",
					"$(PROJECT_DIR)/YXPlayerDemo/YXPlayerKit/include",
				);
				PRODUCT_BUNDLE_IDENTIFIER = tv.yunxi.YXPlayerDemo;
				PRODUCT_NAME = "$(TARGET_NAME)";
				PROVISIONING_PROFILE = "";
			};
			name = Release;
		};
		32F3B9C91D71324F0096F0CA /* Debug */ = {
			isa = XCBuildConfiguration;
			buildSettings = {
				BUNDLE_LOADER = "$(TEST_HOST)";
				INFOPLIST_FILE = YXPlayerDemoTests/Info.plist;
				LD_RUNPATH_SEARCH_PATHS = "$(inherited) @executable_path/Frameworks @loader_path/Frameworks";
				PRODUCT_BUNDLE_IDENTIFIER = tv.yunxi.YXPlayerDemoTests;
				PRODUCT_NAME = "$(TARGET_NAME)";
				TEST_HOST = "$(BUILT_PRODUCTS_DIR)/YXPlayerDemo.app/YXPlayerDemo";
			};
			name = Debug;
		};
		32F3B9CA1D71324F0096F0CA /* Release */ = {
			isa = XCBuildConfiguration;
			buildSettings = {
				BUNDLE_LOADER = "$(TEST_HOST)";
				INFOPLIST_FILE = YXPlayerDemoTests/Info.plist;
				LD_RUNPATH_SEARCH_PATHS = "$(inherited) @executable_path/Frameworks @loader_path/Frameworks";
				PRODUCT_BUNDLE_IDENTIFIER = tv.yunxi.YXPlayerDemoTests;
				PRODUCT_NAME = "$(TARGET_NAME)";
				TEST_HOST = "$(BUILT_PRODUCTS_DIR)/YXPlayerDemo.app/YXPlayerDemo";
			};
			name = Release;
		};
		32F3B9CC1D71324F0096F0CA /* Debug */ = {
			isa = XCBuildConfiguration;
			buildSettings = {
				INFOPLIST_FILE = YXPlayerDemoUITests/Info.plist;
				LD_RUNPATH_SEARCH_PATHS = "$(inherited) @executable_path/Frameworks @loader_path/Frameworks";
				PRODUCT_BUNDLE_IDENTIFIER = tv.yunxi.YXPlayerDemoUITests;
				PRODUCT_NAME = "$(TARGET_NAME)";
				TEST_TARGET_NAME = YXPlayerDemo;
			};
			name = Debug;
		};
		32F3B9CD1D71324F0096F0CA /* Release */ = {
			isa = XCBuildConfiguration;
			buildSettings = {
				INFOPLIST_FILE = YXPlayerDemoUITests/Info.plist;
				LD_RUNPATH_SEARCH_PATHS = "$(inherited) @executable_path/Frameworks @loader_path/Frameworks";
				PRODUCT_BUNDLE_IDENTIFIER = tv.yunxi.YXPlayerDemoUITests;
				PRODUCT_NAME = "$(TARGET_NAME)";
				TEST_TARGET_NAME = YXPlayerDemo;
			};
			name = Release;
		};
/* End XCBuildConfiguration section */

/* Begin XCConfigurationList section */
		32F3B9931D71324E0096F0CA /* Build configuration list for PBXProject "YXPlayerDemo" */ = {
			isa = XCConfigurationList;
			buildConfigurations = (
				32F3B9C31D71324F0096F0CA /* Debug */,
				32F3B9C41D71324F0096F0CA /* Release */,
			);
			defaultConfigurationIsVisible = 0;
			defaultConfigurationName = Release;
		};
		32F3B9C51D71324F0096F0CA /* Build configuration list for PBXNativeTarget "YXPlayerDemo" */ = {
			isa = XCConfigurationList;
			buildConfigurations = (
				32F3B9C61D71324F0096F0CA /* Debug */,
				32F3B9C71D71324F0096F0CA /* Release */,
			);
			defaultConfigurationIsVisible = 0;
			defaultConfigurationName = Release;
		};
		32F3B9C81D71324F0096F0CA /* Build configuration list for PBXNativeTarget "YXPlayerDemoTests" */ = {
			isa = XCConfigurationList;
			buildConfigurations = (
				32F3B9C91D71324F0096F0CA /* Debug */,
				32F3B9CA1D71324F0096F0CA /* Release */,
			);
			defaultConfigurationIsVisible = 0;
			defaultConfigurationName = Release;
		};
		32F3B9CB1D71324F0096F0CA /* Build configuration list for PBXNativeTarget "YXPlayerDemoUITests" */ = {
			isa = XCConfigurationList;
			buildConfigurations = (
				32F3B9CC1D71324F0096F0CA /* Debug */,
				32F3B9CD1D71324F0096F0CA /* Release */,
			);
			defaultConfigurationIsVisible = 0;
			defaultConfigurationName = Release;
		};
/* End XCConfigurationList section */
	};
	rootObject = 32F3B9901D71324E0096F0CA /* Project object */;
}
